// !$*UTF8*$!
{
	archiveVersion = 1;
	classes = {
	};
	objectVersion = 48;
	objects = {

/* Begin PBXBuildFile section */
		8AA098541F699011000CD809 /* AppDelegate.swift in Sources */ = {isa = PBXBuildFile; fileRef = 8AA098531F699011000CD809 /* AppDelegate.swift */; };
		8AA098561F699011000CD809 /* ViewController.swift in Sources */ = {isa = PBXBuildFile; fileRef = 8AA098551F699011000CD809 /* ViewController.swift */; };
		8AA098591F699011000CD809 /* Main.storyboard in Resources */ = {isa = PBXBuildFile; fileRef = 8AA098571F699011000CD809 /* Main.storyboard */; };
		8AA0985B1F699011000CD809 /* Assets.xcassets in Resources */ = {isa = PBXBuildFile; fileRef = 8AA0985A1F699011000CD809 /* Assets.xcassets */; };
		8AA0985E1F699011000CD809 /* LaunchScreen.storyboard in Resources */ = {isa = PBXBuildFile; fileRef = 8AA0985C1F699011000CD809 /* LaunchScreen.storyboard */; };
		8AC426F71FBF35160097EE7C /* waifu2x.framework in Frameworks */ = {isa = PBXBuildFile; fileRef = 8AC426EE1FBF35160097EE7C /* waifu2x.framework */; };
		8AC426FC1FBF35160097EE7C /* waifu2xTests.swift in Sources */ = {isa = PBXBuildFile; fileRef = 8AC426FB1FBF35160097EE7C /* waifu2xTests.swift */; };
		8AC426FE1FBF35160097EE7C /* waifu2x.h in Headers */ = {isa = PBXBuildFile; fileRef = 8AC426F01FBF35160097EE7C /* waifu2x.h */; settings = {ATTRIBUTES = (Public, ); }; };
		8AC4270E1FBF35D70097EE7C /* MLModel+Prediction.swift in Sources */ = {isa = PBXBuildFile; fileRef = 8AC427051FBF35D60097EE7C /* MLModel+Prediction.swift */; };
		8AC4270F1FBF35D70097EE7C /* UIImage+Expand.swift in Sources */ = {isa = PBXBuildFile; fileRef = 8AC427061FBF35D60097EE7C /* UIImage+Expand.swift */; };
		8AC427101FBF35D70097EE7C /* ModelFactory.swift in Sources */ = {isa = PBXBuildFile; fileRef = 8AC427071FBF35D60097EE7C /* ModelFactory.swift */; };
		8AC427111FBF35D70097EE7C /* UIImage+RunModel.swift in Sources */ = {isa = PBXBuildFile; fileRef = 8AC427081FBF35D70097EE7C /* UIImage+RunModel.swift */; };
		8AC427121FBF35D70097EE7C /* UIImage+Reload.swift in Sources */ = {isa = PBXBuildFile; fileRef = 8AC427091FBF35D70097EE7C /* UIImage+Reload.swift */; };
		8AC427131FBF35D70097EE7C /* Queue.swift in Sources */ = {isa = PBXBuildFile; fileRef = 8AC4270A1FBF35D70097EE7C /* Queue.swift */; };
		8AC427141FBF35D70097EE7C /* BackgroundPipeline.swift in Sources */ = {isa = PBXBuildFile; fileRef = 8AC4270B1FBF35D70097EE7C /* BackgroundPipeline.swift */; };
		8AC427151FBF35D70097EE7C /* UIImage+IO.swift in Sources */ = {isa = PBXBuildFile; fileRef = 8AC4270C1FBF35D70097EE7C /* UIImage+IO.swift */; };
		8AC427161FBF35D70097EE7C /* UIImage+Crop.swift in Sources */ = {isa = PBXBuildFile; fileRef = 8AC4270D1FBF35D70097EE7C /* UIImage+Crop.swift */; };
		8AC427171FBF35FE0097EE7C /* waifu2x.framework in Frameworks */ = {isa = PBXBuildFile; fileRef = 8AC426EE1FBF35160097EE7C /* waifu2x.framework */; };
		8AC427191FBF37910097EE7C /* testimg.jpg in Resources */ = {isa = PBXBuildFile; fileRef = 8AC427181FBF37910097EE7C /* testimg.jpg */; };
		8AC427311FBF3AD00097EE7C /* photo_noise0_model.mlmodel in Sources */ = {isa = PBXBuildFile; fileRef = 8AC4271D1FBF3AD00097EE7C /* photo_noise0_model.mlmodel */; };
		8AC427321FBF3AD00097EE7C /* anime_noise2_model.mlmodel in Sources */ = {isa = PBXBuildFile; fileRef = 8AC4271E1FBF3AD00097EE7C /* anime_noise2_model.mlmodel */; };
		8AC427331FBF3AD00097EE7C /* anime_noise1_model.mlmodel in Sources */ = {isa = PBXBuildFile; fileRef = 8AC4271F1FBF3AD00097EE7C /* anime_noise1_model.mlmodel */; };
		8AC427341FBF3AD00097EE7C /* photo_noise3_model.mlmodel in Sources */ = {isa = PBXBuildFile; fileRef = 8AC427201FBF3AD00097EE7C /* photo_noise3_model.mlmodel */; };
		8AC427351FBF3AD00097EE7C /* up_photo_noise1_scale2x_model.mlmodel in Sources */ = {isa = PBXBuildFile; fileRef = 8AC427211FBF3AD00097EE7C /* up_photo_noise1_scale2x_model.mlmodel */; };
		8AC427361FBF3AD00097EE7C /* up_anime_noise2_scale2x_model.mlmodel in Sources */ = {isa = PBXBuildFile; fileRef = 8AC427221FBF3AD00097EE7C /* up_anime_noise2_scale2x_model.mlmodel */; };
		8AC427381FBF3AD00097EE7C /* up_photo_scale2x_model.mlmodel in Sources */ = {isa = PBXBuildFile; fileRef = 8AC427241FBF3AD00097EE7C /* up_photo_scale2x_model.mlmodel */; };
		8AC427391FBF3AD00097EE7C /* up_anime_noise0_scale2x_model.mlmodel in Sources */ = {isa = PBXBuildFile; fileRef = 8AC427251FBF3AD00097EE7C /* up_anime_noise0_scale2x_model.mlmodel */; };
		8AC4273A1FBF3AD00097EE7C /* up_photo_noise3_scale2x_model.mlmodel in Sources */ = {isa = PBXBuildFile; fileRef = 8AC427261FBF3AD00097EE7C /* up_photo_noise3_scale2x_model.mlmodel */; };
		8AC4273B1FBF3AD00097EE7C /* up_anime_scale2x_model.mlmodel in Sources */ = {isa = PBXBuildFile; fileRef = 8AC427271FBF3AD00097EE7C /* up_anime_scale2x_model.mlmodel */; };
		8AC4273D1FBF3AD00097EE7C /* anime_noise0_model.mlmodel in Sources */ = {isa = PBXBuildFile; fileRef = 8AC427291FBF3AD00097EE7C /* anime_noise0_model.mlmodel */; };
		8AC4273E1FBF3AD00097EE7C /* up_photo_noise0_scale2x_model.mlmodel in Sources */ = {isa = PBXBuildFile; fileRef = 8AC4272A1FBF3AD00097EE7C /* up_photo_noise0_scale2x_model.mlmodel */; };
		8AC4273F1FBF3AD00097EE7C /* up_anime_noise3_scale2x_model.mlmodel in Sources */ = {isa = PBXBuildFile; fileRef = 8AC4272B1FBF3AD00097EE7C /* up_anime_noise3_scale2x_model.mlmodel */; };
		8AC427401FBF3AD00097EE7C /* photo_noise2_model.mlmodel in Sources */ = {isa = PBXBuildFile; fileRef = 8AC4272C1FBF3AD00097EE7C /* photo_noise2_model.mlmodel */; };
		8AC427411FBF3AD00097EE7C /* up_anime_noise1_scale2x_model.mlmodel in Sources */ = {isa = PBXBuildFile; fileRef = 8AC4272D1FBF3AD00097EE7C /* up_anime_noise1_scale2x_model.mlmodel */; };
		8AC427421FBF3AD00097EE7C /* photo_noise1_model.mlmodel in Sources */ = {isa = PBXBuildFile; fileRef = 8AC4272E1FBF3AD00097EE7C /* photo_noise1_model.mlmodel */; };
		8AC427431FBF3AD00097EE7C /* up_photo_noise2_scale2x_model.mlmodel in Sources */ = {isa = PBXBuildFile; fileRef = 8AC4272F1FBF3AD00097EE7C /* up_photo_noise2_scale2x_model.mlmodel */; };
		8AC427441FBF3AD00097EE7C /* anime_noise3_model.mlmodel in Sources */ = {isa = PBXBuildFile; fileRef = 8AC427301FBF3AD00097EE7C /* anime_noise3_model.mlmodel */; };
/* End PBXBuildFile section */

/* Begin PBXContainerItemProxy section */
		8AC426F81FBF35160097EE7C /* PBXContainerItemProxy */ = {
			isa = PBXContainerItemProxy;
			containerPortal = 8AA098481F699011000CD809 /* Project object */;
			proxyType = 1;
			remoteGlobalIDString = 8AC426ED1FBF35160097EE7C;
			remoteInfo = waifu2x;
		};
/* End PBXContainerItemProxy section */

/* Begin PBXFileReference section */
		8A6D46BC1F6AC454008275C7 /* README.md */ = {isa = PBXFileReference; lastKnownFileType = net.daringfireball.markdown; path = README.md; sourceTree = "<group>"; };
		8AA098501F699011000CD809 /* waifu2x-ios.app */ = {isa = PBXFileReference; explicitFileType = wrapper.application; includeInIndex = 0; path = "waifu2x-ios.app"; sourceTree = BUILT_PRODUCTS_DIR; };
		8AA098531F699011000CD809 /* AppDelegate.swift */ = {isa = PBXFileReference; lastKnownFileType = sourcecode.swift; path = AppDelegate.swift; sourceTree = "<group>"; };
		8AA098551F699011000CD809 /* ViewController.swift */ = {isa = PBXFileReference; lastKnownFileType = sourcecode.swift; path = ViewController.swift; sourceTree = "<group>"; };
		8AA098581F699011000CD809 /* Base */ = {isa = PBXFileReference; lastKnownFileType = file.storyboard; name = Base; path = Base.lproj/Main.storyboard; sourceTree = "<group>"; };
		8AA0985A1F699011000CD809 /* Assets.xcassets */ = {isa = PBXFileReference; lastKnownFileType = folder.assetcatalog; path = Assets.xcassets; sourceTree = "<group>"; };
		8AA0985D1F699011000CD809 /* Base */ = {isa = PBXFileReference; lastKnownFileType = file.storyboard; name = Base; path = Base.lproj/LaunchScreen.storyboard; sourceTree = "<group>"; };
		8AA0985F1F699011000CD809 /* Info.plist */ = {isa = PBXFileReference; lastKnownFileType = text.plist.xml; path = Info.plist; sourceTree = "<group>"; };
		8AC426E11FBF2FCC0097EE7C /* XCTest.framework */ = {isa = PBXFileReference; lastKnownFileType = wrapper.framework; name = XCTest.framework; path = Platforms/iPhoneOS.platform/Developer/Library/Frameworks/XCTest.framework; sourceTree = DEVELOPER_DIR; };
		8AC426EE1FBF35160097EE7C /* waifu2x.framework */ = {isa = PBXFileReference; explicitFileType = wrapper.framework; includeInIndex = 0; path = waifu2x.framework; sourceTree = BUILT_PRODUCTS_DIR; };
		8AC426F01FBF35160097EE7C /* waifu2x.h */ = {isa = PBXFileReference; lastKnownFileType = sourcecode.c.h; path = waifu2x.h; sourceTree = "<group>"; };
		8AC426F11FBF35160097EE7C /* Info.plist */ = {isa = PBXFileReference; lastKnownFileType = text.plist.xml; path = Info.plist; sourceTree = "<group>"; };
		8AC426F61FBF35160097EE7C /* waifu2xTests.xctest */ = {isa = PBXFileReference; explicitFileType = wrapper.cfbundle; includeInIndex = 0; path = waifu2xTests.xctest; sourceTree = BUILT_PRODUCTS_DIR; };
		8AC426FB1FBF35160097EE7C /* waifu2xTests.swift */ = {isa = PBXFileReference; lastKnownFileType = sourcecode.swift; path = waifu2xTests.swift; sourceTree = "<group>"; };
		8AC426FD1FBF35160097EE7C /* Info.plist */ = {isa = PBXFileReference; lastKnownFileType = text.plist.xml; path = Info.plist; sourceTree = "<group>"; };
		8AC427051FBF35D60097EE7C /* MLModel+Prediction.swift */ = {isa = PBXFileReference; fileEncoding = 4; lastKnownFileType = sourcecode.swift; path = "MLModel+Prediction.swift"; sourceTree = "<group>"; };
		8AC427061FBF35D60097EE7C /* UIImage+Expand.swift */ = {isa = PBXFileReference; fileEncoding = 4; lastKnownFileType = sourcecode.swift; path = "UIImage+Expand.swift"; sourceTree = "<group>"; };
		8AC427071FBF35D60097EE7C /* ModelFactory.swift */ = {isa = PBXFileReference; fileEncoding = 4; lastKnownFileType = sourcecode.swift; path = ModelFactory.swift; sourceTree = "<group>"; };
		8AC427081FBF35D70097EE7C /* UIImage+RunModel.swift */ = {isa = PBXFileReference; fileEncoding = 4; lastKnownFileType = sourcecode.swift; path = "UIImage+RunModel.swift"; sourceTree = "<group>"; };
		8AC427091FBF35D70097EE7C /* UIImage+Reload.swift */ = {isa = PBXFileReference; fileEncoding = 4; lastKnownFileType = sourcecode.swift; path = "UIImage+Reload.swift"; sourceTree = "<group>"; };
		8AC4270A1FBF35D70097EE7C /* Queue.swift */ = {isa = PBXFileReference; fileEncoding = 4; lastKnownFileType = sourcecode.swift; path = Queue.swift; sourceTree = "<group>"; };
		8AC4270B1FBF35D70097EE7C /* BackgroundPipeline.swift */ = {isa = PBXFileReference; fileEncoding = 4; lastKnownFileType = sourcecode.swift; path = BackgroundPipeline.swift; sourceTree = "<group>"; };
		8AC4270C1FBF35D70097EE7C /* UIImage+IO.swift */ = {isa = PBXFileReference; fileEncoding = 4; lastKnownFileType = sourcecode.swift; path = "UIImage+IO.swift"; sourceTree = "<group>"; };
		8AC4270D1FBF35D70097EE7C /* UIImage+Crop.swift */ = {isa = PBXFileReference; fileEncoding = 4; lastKnownFileType = sourcecode.swift; path = "UIImage+Crop.swift"; sourceTree = "<group>"; };
		8AC427181FBF37910097EE7C /* testimg.jpg */ = {isa = PBXFileReference; lastKnownFileType = image.jpeg; path = testimg.jpg; sourceTree = "<group>"; };
		8AC4271D1FBF3AD00097EE7C /* photo_noise0_model.mlmodel */ = {isa = PBXFileReference; lastKnownFileType = file.mlmodel; path = photo_noise0_model.mlmodel; sourceTree = "<group>"; };
		8AC4271E1FBF3AD00097EE7C /* anime_noise2_model.mlmodel */ = {isa = PBXFileReference; lastKnownFileType = file.mlmodel; path = anime_noise2_model.mlmodel; sourceTree = "<group>"; };
		8AC4271F1FBF3AD00097EE7C /* anime_noise1_model.mlmodel */ = {isa = PBXFileReference; lastKnownFileType = file.mlmodel; path = anime_noise1_model.mlmodel; sourceTree = "<group>"; };
		8AC427201FBF3AD00097EE7C /* photo_noise3_model.mlmodel */ = {isa = PBXFileReference; lastKnownFileType = file.mlmodel; path = photo_noise3_model.mlmodel; sourceTree = "<group>"; };
		8AC427211FBF3AD00097EE7C /* up_photo_noise1_scale2x_model.mlmodel */ = {isa = PBXFileReference; lastKnownFileType = file.mlmodel; path = up_photo_noise1_scale2x_model.mlmodel; sourceTree = "<group>"; };
		8AC427221FBF3AD00097EE7C /* up_anime_noise2_scale2x_model.mlmodel */ = {isa = PBXFileReference; lastKnownFileType = file.mlmodel; path = up_anime_noise2_scale2x_model.mlmodel; sourceTree = "<group>"; };
		8AC427241FBF3AD00097EE7C /* up_photo_scale2x_model.mlmodel */ = {isa = PBXFileReference; lastKnownFileType = file.mlmodel; path = up_photo_scale2x_model.mlmodel; sourceTree = "<group>"; };
		8AC427251FBF3AD00097EE7C /* up_anime_noise0_scale2x_model.mlmodel */ = {isa = PBXFileReference; lastKnownFileType = file.mlmodel; path = up_anime_noise0_scale2x_model.mlmodel; sourceTree = "<group>"; };
		8AC427261FBF3AD00097EE7C /* up_photo_noise3_scale2x_model.mlmodel */ = {isa = PBXFileReference; lastKnownFileType = file.mlmodel; path = up_photo_noise3_scale2x_model.mlmodel; sourceTree = "<group>"; };
		8AC427271FBF3AD00097EE7C /* up_anime_scale2x_model.mlmodel */ = {isa = PBXFileReference; lastKnownFileType = file.mlmodel; path = up_anime_scale2x_model.mlmodel; sourceTree = "<group>"; };
		8AC427291FBF3AD00097EE7C /* anime_noise0_model.mlmodel */ = {isa = PBXFileReference; lastKnownFileType = file.mlmodel; path = anime_noise0_model.mlmodel; sourceTree = "<group>"; };
		8AC4272A1FBF3AD00097EE7C /* up_photo_noise0_scale2x_model.mlmodel */ = {isa = PBXFileReference; lastKnownFileType = file.mlmodel; path = up_photo_noise0_scale2x_model.mlmodel; sourceTree = "<group>"; };
		8AC4272B1FBF3AD00097EE7C /* up_anime_noise3_scale2x_model.mlmodel */ = {isa = PBXFileReference; lastKnownFileType = file.mlmodel; path = up_anime_noise3_scale2x_model.mlmodel; sourceTree = "<group>"; };
		8AC4272C1FBF3AD00097EE7C /* photo_noise2_model.mlmodel */ = {isa = PBXFileReference; lastKnownFileType = file.mlmodel; path = photo_noise2_model.mlmodel; sourceTree = "<group>"; };
		8AC4272D1FBF3AD00097EE7C /* up_anime_noise1_scale2x_model.mlmodel */ = {isa = PBXFileReference; lastKnownFileType = file.mlmodel; path = up_anime_noise1_scale2x_model.mlmodel; sourceTree = "<group>"; };
		8AC4272E1FBF3AD00097EE7C /* photo_noise1_model.mlmodel */ = {isa = PBXFileReference; lastKnownFileType = file.mlmodel; path = photo_noise1_model.mlmodel; sourceTree = "<group>"; };
		8AC4272F1FBF3AD00097EE7C /* up_photo_noise2_scale2x_model.mlmodel */ = {isa = PBXFileReference; lastKnownFileType = file.mlmodel; path = up_photo_noise2_scale2x_model.mlmodel; sourceTree = "<group>"; };
		8AC427301FBF3AD00097EE7C /* anime_noise3_model.mlmodel */ = {isa = PBXFileReference; lastKnownFileType = file.mlmodel; path = anime_noise3_model.mlmodel; sourceTree = "<group>"; };
/* End PBXFileReference section */

/* Begin PBXFrameworksBuildPhase section */
		8AA0984D1F699011000CD809 /* Frameworks */ = {
			isa = PBXFrameworksBuildPhase;
			buildActionMask = 2147483647;
			files = (
				8AC427171FBF35FE0097EE7C /* waifu2x.framework in Frameworks */,
			);
			runOnlyForDeploymentPostprocessing = 0;
		};
		8AC426EA1FBF35160097EE7C /* Frameworks */ = {
			isa = PBXFrameworksBuildPhase;
			buildActionMask = 2147483647;
			files = (
			);
			runOnlyForDeploymentPostprocessing = 0;
		};
		8AC426F31FBF35160097EE7C /* Frameworks */ = {
			isa = PBXFrameworksBuildPhase;
			buildActionMask = 2147483647;
			files = (
				8AC426F71FBF35160097EE7C /* waifu2x.framework in Frameworks */,
			);
			runOnlyForDeploymentPostprocessing = 0;
		};
/* End PBXFrameworksBuildPhase section */

/* Begin PBXGroup section */
		8AA098471F699011000CD809 = {
			isa = PBXGroup;
			children = (
				8A6D46BC1F6AC454008275C7 /* README.md */,
				8AA098521F699011000CD809 /* waifu2x-ios */,
				8AC426EF1FBF35160097EE7C /* waifu2x */,
				8AC426FA1FBF35160097EE7C /* waifu2xTests */,
				8AA098511F699011000CD809 /* Products */,
				8AC426E01FBF2FCC0097EE7C /* Frameworks */,
			);
			sourceTree = "<group>";
		};
		8AA098511F699011000CD809 /* Products */ = {
			isa = PBXGroup;
			children = (
				8AA098501F699011000CD809 /* waifu2x-ios.app */,
				8AC426EE1FBF35160097EE7C /* waifu2x.framework */,
				8AC426F61FBF35160097EE7C /* waifu2xTests.xctest */,
			);
			name = Products;
			sourceTree = "<group>";
		};
		8AA098521F699011000CD809 /* waifu2x-ios */ = {
			isa = PBXGroup;
			children = (
				8AA098531F699011000CD809 /* AppDelegate.swift */,
				8AA098551F699011000CD809 /* ViewController.swift */,
				8AA098571F699011000CD809 /* Main.storyboard */,
				8AA0985A1F699011000CD809 /* Assets.xcassets */,
				8AA0985C1F699011000CD809 /* LaunchScreen.storyboard */,
				8AA0985F1F699011000CD809 /* Info.plist */,
			);
			path = "waifu2x-ios";
			sourceTree = "<group>";
		};
		8AC426E01FBF2FCC0097EE7C /* Frameworks */ = {
			isa = PBXGroup;
			children = (
				8AC426E11FBF2FCC0097EE7C /* XCTest.framework */,
			);
			name = Frameworks;
			sourceTree = "<group>";
		};
		8AC426EF1FBF35160097EE7C /* waifu2x */ = {
			isa = PBXGroup;
			children = (
				8AC4271C1FBF3AD00097EE7C /* models */,
				8AC4270B1FBF35D70097EE7C /* BackgroundPipeline.swift */,
				8AC427051FBF35D60097EE7C /* MLModel+Prediction.swift */,
				8AC427071FBF35D60097EE7C /* ModelFactory.swift */,
				8AC4270A1FBF35D70097EE7C /* Queue.swift */,
				8AC4270D1FBF35D70097EE7C /* UIImage+Crop.swift */,
				8AC427061FBF35D60097EE7C /* UIImage+Expand.swift */,
				8AC4270C1FBF35D70097EE7C /* UIImage+IO.swift */,
				8AC427091FBF35D70097EE7C /* UIImage+Reload.swift */,
				8AC427081FBF35D70097EE7C /* UIImage+RunModel.swift */,
				8AC426F01FBF35160097EE7C /* waifu2x.h */,
				8AC426F11FBF35160097EE7C /* Info.plist */,
			);
			path = waifu2x;
			sourceTree = "<group>";
		};
		8AC426FA1FBF35160097EE7C /* waifu2xTests */ = {
			isa = PBXGroup;
			children = (
				8AC427181FBF37910097EE7C /* testimg.jpg */,
				8AC426FB1FBF35160097EE7C /* waifu2xTests.swift */,
				8AC426FD1FBF35160097EE7C /* Info.plist */,
			);
			path = waifu2xTests;
			sourceTree = "<group>";
		};
		8AC4271C1FBF3AD00097EE7C /* models */ = {
			isa = PBXGroup;
			children = (
				8AC427291FBF3AD00097EE7C /* anime_noise0_model.mlmodel */,
				8AC4271F1FBF3AD00097EE7C /* anime_noise1_model.mlmodel */,
				8AC4271E1FBF3AD00097EE7C /* anime_noise2_model.mlmodel */,
				8AC427301FBF3AD00097EE7C /* anime_noise3_model.mlmodel */,
				8AC4271D1FBF3AD00097EE7C /* photo_noise0_model.mlmodel */,
				8AC4272E1FBF3AD00097EE7C /* photo_noise1_model.mlmodel */,
				8AC4272C1FBF3AD00097EE7C /* photo_noise2_model.mlmodel */,
				8AC427201FBF3AD00097EE7C /* photo_noise3_model.mlmodel */,
				8AC427251FBF3AD00097EE7C /* up_anime_noise0_scale2x_model.mlmodel */,
				8AC4272D1FBF3AD00097EE7C /* up_anime_noise1_scale2x_model.mlmodel */,
				8AC427221FBF3AD00097EE7C /* up_anime_noise2_scale2x_model.mlmodel */,
				8AC4272B1FBF3AD00097EE7C /* up_anime_noise3_scale2x_model.mlmodel */,
				8AC427271FBF3AD00097EE7C /* up_anime_scale2x_model.mlmodel */,
				8AC4272A1FBF3AD00097EE7C /* up_photo_noise0_scale2x_model.mlmodel */,
				8AC427211FBF3AD00097EE7C /* up_photo_noise1_scale2x_model.mlmodel */,
				8AC4272F1FBF3AD00097EE7C /* up_photo_noise2_scale2x_model.mlmodel */,
				8AC427261FBF3AD00097EE7C /* up_photo_noise3_scale2x_model.mlmodel */,
				8AC427241FBF3AD00097EE7C /* up_photo_scale2x_model.mlmodel */,
			);
			path = models;
			sourceTree = "<group>";
		};
/* End PBXGroup section */

/* Begin PBXHeadersBuildPhase section */
		8AC426EB1FBF35160097EE7C /* Headers */ = {
			isa = PBXHeadersBuildPhase;
			buildActionMask = 2147483647;
			files = (
				8AC426FE1FBF35160097EE7C /* waifu2x.h in Headers */,
			);
			runOnlyForDeploymentPostprocessing = 0;
		};
/* End PBXHeadersBuildPhase section */

/* Begin PBXNativeTarget section */
		8AA0984F1F699011000CD809 /* waifu2x-ios */ = {
			isa = PBXNativeTarget;
			buildConfigurationList = 8AA098621F699011000CD809 /* Build configuration list for PBXNativeTarget "waifu2x-ios" */;
			buildPhases = (
				8AA0984C1F699011000CD809 /* Sources */,
				8AA0984D1F699011000CD809 /* Frameworks */,
				8AA0984E1F699011000CD809 /* Resources */,
				8AB792951F69903B002CEF48 /* ShellScript */,
			);
			buildRules = (
			);
			dependencies = (
			);
			name = "waifu2x-ios";
			productName = "waifu2x-ios";
			productReference = 8AA098501F699011000CD809 /* waifu2x-ios.app */;
			productType = "com.apple.product-type.application";
		};
		8AC426ED1FBF35160097EE7C /* waifu2x */ = {
			isa = PBXNativeTarget;
			buildConfigurationList = 8AC426FF1FBF35160097EE7C /* Build configuration list for PBXNativeTarget "waifu2x" */;
			buildPhases = (
				8AC426E91FBF35160097EE7C /* Sources */,
				8AC426EA1FBF35160097EE7C /* Frameworks */,
				8AC426EB1FBF35160097EE7C /* Headers */,
				8AC426EC1FBF35160097EE7C /* Resources */,
			);
			buildRules = (
			);
			dependencies = (
			);
			name = waifu2x;
			productName = waifu2x;
			productReference = 8AC426EE1FBF35160097EE7C /* waifu2x.framework */;
			productType = "com.apple.product-type.framework";
		};
		8AC426F51FBF35160097EE7C /* waifu2xTests */ = {
			isa = PBXNativeTarget;
			buildConfigurationList = 8AC427021FBF35160097EE7C /* Build configuration list for PBXNativeTarget "waifu2xTests" */;
			buildPhases = (
				8AC426F21FBF35160097EE7C /* Sources */,
				8AC426F31FBF35160097EE7C /* Frameworks */,
				8AC426F41FBF35160097EE7C /* Resources */,
			);
			buildRules = (
			);
			dependencies = (
				8AC426F91FBF35160097EE7C /* PBXTargetDependency */,
			);
			name = waifu2xTests;
			productName = waifu2xTests;
			productReference = 8AC426F61FBF35160097EE7C /* waifu2xTests.xctest */;
			productType = "com.apple.product-type.bundle.unit-test";
		};
/* End PBXNativeTarget section */

/* Begin PBXProject section */
		8AA098481F699011000CD809 /* Project object */ = {
			isa = PBXProject;
			attributes = {
				LastSwiftUpdateCheck = 0910;
				LastUpgradeCheck = 0900;
				ORGANIZATIONNAME = xieyi;
				TargetAttributes = {
					8AA0984F1F699011000CD809 = {
						CreatedOnToolsVersion = 9.0;
						ProvisioningStyle = Automatic;
					};
					8AC426ED1FBF35160097EE7C = {
						CreatedOnToolsVersion = 9.1;
						LastSwiftMigration = 0910;
						ProvisioningStyle = Automatic;
					};
					8AC426F51FBF35160097EE7C = {
						CreatedOnToolsVersion = 9.1;
						ProvisioningStyle = Automatic;
					};
				};
			};
			buildConfigurationList = 8AA0984B1F699011000CD809 /* Build configuration list for PBXProject "waifu2x-ios" */;
			compatibilityVersion = "Xcode 8.0";
			developmentRegion = en;
			hasScannedForEncodings = 0;
			knownRegions = (
				en,
				Base,
			);
			mainGroup = 8AA098471F699011000CD809;
			productRefGroup = 8AA098511F699011000CD809 /* Products */;
			projectDirPath = "";
			projectRoot = "";
			targets = (
				8AA0984F1F699011000CD809 /* waifu2x-ios */,
				8AC426ED1FBF35160097EE7C /* waifu2x */,
				8AC426F51FBF35160097EE7C /* waifu2xTests */,
			);
		};
/* End PBXProject section */

/* Begin PBXResourcesBuildPhase section */
		8AA0984E1F699011000CD809 /* Resources */ = {
			isa = PBXResourcesBuildPhase;
			buildActionMask = 2147483647;
			files = (
				8AA0985E1F699011000CD809 /* LaunchScreen.storyboard in Resources */,
				8AA0985B1F699011000CD809 /* Assets.xcassets in Resources */,
				8AA098591F699011000CD809 /* Main.storyboard in Resources */,
			);
			runOnlyForDeploymentPostprocessing = 0;
		};
		8AC426EC1FBF35160097EE7C /* Resources */ = {
			isa = PBXResourcesBuildPhase;
			buildActionMask = 2147483647;
			files = (
			);
			runOnlyForDeploymentPostprocessing = 0;
		};
		8AC426F41FBF35160097EE7C /* Resources */ = {
			isa = PBXResourcesBuildPhase;
			buildActionMask = 2147483647;
			files = (
				8AC427191FBF37910097EE7C /* testimg.jpg in Resources */,
			);
			runOnlyForDeploymentPostprocessing = 0;
		};
/* End PBXResourcesBuildPhase section */

/* Begin PBXShellScriptBuildPhase section */
		8AB792951F69903B002CEF48 /* ShellScript */ = {
			isa = PBXShellScriptBuildPhase;
			buildActionMask = 2147483647;
			files = (
			);
			inputPaths = (
			);
			outputPaths = (
			);
			runOnlyForDeploymentPostprocessing = 0;
			shellPath = /bin/sh;
			shellScript = "# xcode-build-bump.sh\n# @desc Auto-increment the build number every time the project is run.\n# @usage\n# 1. Select: your Target in Xcode\n# 2. Select: Build Phases Tab\n# 3. Select: Add Build Phase -> Add Run Script\n# 4. Paste code below in to new \"Run Script\" section\n# 5. Drag the \"Run Script\" below \"Link Binaries With Libraries\"\n# 6. Insure that your starting build number is set to a whole integer and not a float (e.g. 1, not 1.0)\n\nbuildNumber=$(/usr/libexec/PlistBuddy -c \"Print CFBundleVersion\" \"${PROJECT_DIR}/${INFOPLIST_FILE}\")\nbuildNumber=$(($buildNumber + 1))\n/usr/libexec/PlistBuddy -c \"Set :CFBundleVersion $buildNumber\" \"${PROJECT_DIR}/${INFOPLIST_FILE}\"";
		};
/* End PBXShellScriptBuildPhase section */

/* Begin PBXSourcesBuildPhase section */
		8AA0984C1F699011000CD809 /* Sources */ = {
			isa = PBXSourcesBuildPhase;
			buildActionMask = 2147483647;
			files = (
				8AA098561F699011000CD809 /* ViewController.swift in Sources */,
				8AA098541F699011000CD809 /* AppDelegate.swift in Sources */,
			);
			runOnlyForDeploymentPostprocessing = 0;
		};
		8AC426E91FBF35160097EE7C /* Sources */ = {
			isa = PBXSourcesBuildPhase;
			buildActionMask = 2147483647;
			files = (
				8AC427321FBF3AD00097EE7C /* anime_noise2_model.mlmodel in Sources */,
				8AC4270E1FBF35D70097EE7C /* MLModel+Prediction.swift in Sources */,
				8AC427131FBF35D70097EE7C /* Queue.swift in Sources */,
				8AC427431FBF3AD00097EE7C /* up_photo_noise2_scale2x_model.mlmodel in Sources */,
				8AC4273E1FBF3AD00097EE7C /* up_photo_noise0_scale2x_model.mlmodel in Sources */,
				8AC4273F1FBF3AD00097EE7C /* up_anime_noise3_scale2x_model.mlmodel in Sources */,
				8AC427441FBF3AD00097EE7C /* anime_noise3_model.mlmodel in Sources */,
				8AC4270F1FBF35D70097EE7C /* UIImage+Expand.swift in Sources */,
				8AC427381FBF3AD00097EE7C /* up_photo_scale2x_model.mlmodel in Sources */,
				8AC427391FBF3AD00097EE7C /* up_anime_noise0_scale2x_model.mlmodel in Sources */,
				8AC427101FBF35D70097EE7C /* ModelFactory.swift in Sources */,
				8AC4273D1FBF3AD00097EE7C /* anime_noise0_model.mlmodel in Sources */,
				8AC427111FBF35D70097EE7C /* UIImage+RunModel.swift in Sources */,
				8AC4273A1FBF3AD00097EE7C /* up_photo_noise3_scale2x_model.mlmodel in Sources */,
				8AC427121FBF35D70097EE7C /* UIImage+Reload.swift in Sources */,
				8AC427411FBF3AD00097EE7C /* up_anime_noise1_scale2x_model.mlmodel in Sources */,
				8AC427361FBF3AD00097EE7C /* up_anime_noise2_scale2x_model.mlmodel in Sources */,
				8AC427421FBF3AD00097EE7C /* photo_noise1_model.mlmodel in Sources */,
				8AC427341FBF3AD00097EE7C /* photo_noise3_model.mlmodel in Sources */,
				8AC427141FBF35D70097EE7C /* BackgroundPipeline.swift in Sources */,
				8AC427401FBF3AD00097EE7C /* photo_noise2_model.mlmodel in Sources */,
				8AC427151FBF35D70097EE7C /* UIImage+IO.swift in Sources */,
				8AC427351FBF3AD00097EE7C /* up_photo_noise1_scale2x_model.mlmodel in Sources */,
				8AC427161FBF35D70097EE7C /* UIImage+Crop.swift in Sources */,
				8AC427331FBF3AD00097EE7C /* anime_noise1_model.mlmodel in Sources */,
				8AC4273B1FBF3AD00097EE7C /* up_anime_scale2x_model.mlmodel in Sources */,
				8AC427311FBF3AD00097EE7C /* photo_noise0_model.mlmodel in Sources */,
			);
			runOnlyForDeploymentPostprocessing = 0;
		};
		8AC426F21FBF35160097EE7C /* Sources */ = {
			isa = PBXSourcesBuildPhase;
			buildActionMask = 2147483647;
			files = (
				8AC426FC1FBF35160097EE7C /* waifu2xTests.swift in Sources */,
			);
			runOnlyForDeploymentPostprocessing = 0;
		};
/* End PBXSourcesBuildPhase section */

/* Begin PBXTargetDependency section */
		8AC426F91FBF35160097EE7C /* PBXTargetDependency */ = {
			isa = PBXTargetDependency;
			target = 8AC426ED1FBF35160097EE7C /* waifu2x */;
			targetProxy = 8AC426F81FBF35160097EE7C /* PBXContainerItemProxy */;
		};
/* End PBXTargetDependency section */

/* Begin PBXVariantGroup section */
		8AA098571F699011000CD809 /* Main.storyboard */ = {
			isa = PBXVariantGroup;
			children = (
				8AA098581F699011000CD809 /* Base */,
			);
			name = Main.storyboard;
			sourceTree = "<group>";
		};
		8AA0985C1F699011000CD809 /* LaunchScreen.storyboard */ = {
			isa = PBXVariantGroup;
			children = (
				8AA0985D1F699011000CD809 /* Base */,
			);
			name = LaunchScreen.storyboard;
			sourceTree = "<group>";
		};
/* End PBXVariantGroup section */

/* Begin XCBuildConfiguration section */
		8AA098601F699011000CD809 /* Debug */ = {
			isa = XCBuildConfiguration;
			buildSettings = {
				ALWAYS_SEARCH_USER_PATHS = NO;
				CLANG_ANALYZER_NONNULL = YES;
				CLANG_ANALYZER_NUMBER_OBJECT_CONVERSION = YES_AGGRESSIVE;
				CLANG_CXX_LANGUAGE_STANDARD = "gnu++14";
				CLANG_CXX_LIBRARY = "libc++";
				CLANG_ENABLE_MODULES = YES;
				CLANG_ENABLE_OBJC_ARC = YES;
				CLANG_WARN_BLOCK_CAPTURE_AUTORELEASING = YES;
				CLANG_WARN_BOOL_CONVERSION = YES;
				CLANG_WARN_COMMA = YES;
				CLANG_WARN_CONSTANT_CONVERSION = YES;
				CLANG_WARN_DIRECT_OBJC_ISA_USAGE = YES_ERROR;
				CLANG_WARN_DOCUMENTATION_COMMENTS = YES;
				CLANG_WARN_EMPTY_BODY = YES;
				CLANG_WARN_ENUM_CONVERSION = YES;
				CLANG_WARN_INFINITE_RECURSION = YES;
				CLANG_WARN_INT_CONVERSION = YES;
				CLANG_WARN_NON_LITERAL_NULL_CONVERSION = YES;
				CLANG_WARN_OBJC_LITERAL_CONVERSION = YES;
				CLANG_WARN_OBJC_ROOT_CLASS = YES_ERROR;
				CLANG_WARN_RANGE_LOOP_ANALYSIS = YES;
				CLANG_WARN_STRICT_PROTOTYPES = YES;
				CLANG_WARN_SUSPICIOUS_MOVE = YES;
				CLANG_WARN_UNGUARDED_AVAILABILITY = YES_AGGRESSIVE;
				CLANG_WARN_UNREACHABLE_CODE = YES;
				CLANG_WARN__DUPLICATE_METHOD_MATCH = YES;
				CODE_SIGN_IDENTITY = "iPhone Developer";
				COPY_PHASE_STRIP = NO;
				DEBUG_INFORMATION_FORMAT = dwarf;
				ENABLE_STRICT_OBJC_MSGSEND = YES;
				ENABLE_TESTABILITY = YES;
				GCC_C_LANGUAGE_STANDARD = gnu11;
				GCC_DYNAMIC_NO_PIC = NO;
				GCC_NO_COMMON_BLOCKS = YES;
				GCC_OPTIMIZATION_LEVEL = 0;
				GCC_PREPROCESSOR_DEFINITIONS = (
					"DEBUG=1",
					"$(inherited)",
				);
				GCC_WARN_64_TO_32_BIT_CONVERSION = YES;
				GCC_WARN_ABOUT_RETURN_TYPE = YES_ERROR;
				GCC_WARN_UNDECLARED_SELECTOR = YES;
				GCC_WARN_UNINITIALIZED_AUTOS = YES_AGGRESSIVE;
				GCC_WARN_UNUSED_FUNCTION = YES;
				GCC_WARN_UNUSED_VARIABLE = YES;
				IPHONEOS_DEPLOYMENT_TARGET = 11.0;
				MTL_ENABLE_DEBUG_INFO = YES;
				ONLY_ACTIVE_ARCH = YES;
				SDKROOT = iphoneos;
				SWIFT_ACTIVE_COMPILATION_CONDITIONS = DEBUG;
				SWIFT_OPTIMIZATION_LEVEL = "-Onone";
			};
			name = Debug;
		};
		8AA098611F699011000CD809 /* Release */ = {
			isa = XCBuildConfiguration;
			buildSettings = {
				ALWAYS_SEARCH_USER_PATHS = NO;
				CLANG_ANALYZER_NONNULL = YES;
				CLANG_ANALYZER_NUMBER_OBJECT_CONVERSION = YES_AGGRESSIVE;
				CLANG_CXX_LANGUAGE_STANDARD = "gnu++14";
				CLANG_CXX_LIBRARY = "libc++";
				CLANG_ENABLE_MODULES = YES;
				CLANG_ENABLE_OBJC_ARC = YES;
				CLANG_WARN_BLOCK_CAPTURE_AUTORELEASING = YES;
				CLANG_WARN_BOOL_CONVERSION = YES;
				CLANG_WARN_COMMA = YES;
				CLANG_WARN_CONSTANT_CONVERSION = YES;
				CLANG_WARN_DIRECT_OBJC_ISA_USAGE = YES_ERROR;
				CLANG_WARN_DOCUMENTATION_COMMENTS = YES;
				CLANG_WARN_EMPTY_BODY = YES;
				CLANG_WARN_ENUM_CONVERSION = YES;
				CLANG_WARN_INFINITE_RECURSION = YES;
				CLANG_WARN_INT_CONVERSION = YES;
				CLANG_WARN_NON_LITERAL_NULL_CONVERSION = YES;
				CLANG_WARN_OBJC_LITERAL_CONVERSION = YES;
				CLANG_WARN_OBJC_ROOT_CLASS = YES_ERROR;
				CLANG_WARN_RANGE_LOOP_ANALYSIS = YES;
				CLANG_WARN_STRICT_PROTOTYPES = YES;
				CLANG_WARN_SUSPICIOUS_MOVE = YES;
				CLANG_WARN_UNGUARDED_AVAILABILITY = YES_AGGRESSIVE;
				CLANG_WARN_UNREACHABLE_CODE = YES;
				CLANG_WARN__DUPLICATE_METHOD_MATCH = YES;
				CODE_SIGN_IDENTITY = "iPhone Developer";
				COPY_PHASE_STRIP = NO;
				DEBUG_INFORMATION_FORMAT = "dwarf-with-dsym";
				ENABLE_NS_ASSERTIONS = NO;
				ENABLE_STRICT_OBJC_MSGSEND = YES;
				GCC_C_LANGUAGE_STANDARD = gnu11;
				GCC_NO_COMMON_BLOCKS = YES;
				GCC_WARN_64_TO_32_BIT_CONVERSION = YES;
				GCC_WARN_ABOUT_RETURN_TYPE = YES_ERROR;
				GCC_WARN_UNDECLARED_SELECTOR = YES;
				GCC_WARN_UNINITIALIZED_AUTOS = YES_AGGRESSIVE;
				GCC_WARN_UNUSED_FUNCTION = YES;
				GCC_WARN_UNUSED_VARIABLE = YES;
				IPHONEOS_DEPLOYMENT_TARGET = 11.0;
				MTL_ENABLE_DEBUG_INFO = NO;
				SDKROOT = iphoneos;
				SWIFT_OPTIMIZATION_LEVEL = "-Owholemodule";
				VALIDATE_PRODUCT = YES;
			};
			name = Release;
		};
		8AA098631F699011000CD809 /* Debug */ = {
			isa = XCBuildConfiguration;
			buildSettings = {
				ASSETCATALOG_COMPILER_APPICON_NAME = AppIcon;
				"CODE_SIGN_IDENTITY[sdk=iphoneos*]" = "iPhone Developer";
				CODE_SIGN_STYLE = Automatic;
				DEVELOPMENT_TEAM = 34A2STWT5M;
				INFOPLIST_FILE = "waifu2x-ios/Info.plist";
				LD_RUNPATH_SEARCH_PATHS = "$(inherited) @executable_path/Frameworks";
				PRODUCT_BUNDLE_IDENTIFIER = xieyi.waifu2x.test;
				PRODUCT_NAME = "$(TARGET_NAME)";
				PROVISIONING_PROFILE_SPECIFIER = "";
				SWIFT_VERSION = 4.0;
				TARGETED_DEVICE_FAMILY = "1,2";
			};
			name = Debug;
		};
		8AA098641F699011000CD809 /* Release */ = {
			isa = XCBuildConfiguration;
			buildSettings = {
				ASSETCATALOG_COMPILER_APPICON_NAME = AppIcon;
				"CODE_SIGN_IDENTITY[sdk=iphoneos*]" = "iPhone Developer";
				CODE_SIGN_STYLE = Automatic;
				DEVELOPMENT_TEAM = 34A2STWT5M;
				INFOPLIST_FILE = "waifu2x-ios/Info.plist";
				LD_RUNPATH_SEARCH_PATHS = "$(inherited) @executable_path/Frameworks";
				PRODUCT_BUNDLE_IDENTIFIER = xieyi.waifu2x.test;
				PRODUCT_NAME = "$(TARGET_NAME)";
				PROVISIONING_PROFILE_SPECIFIER = "";
				SWIFT_VERSION = 4.0;
				TARGETED_DEVICE_FAMILY = "1,2";
			};
			name = Release;
		};
		8AC427001FBF35160097EE7C /* Debug */ = {
			isa = XCBuildConfiguration;
			buildSettings = {
				CLANG_ENABLE_MODULES = YES;
				CODE_SIGN_IDENTITY = "";
				CODE_SIGN_STYLE = Automatic;
				CURRENT_PROJECT_VERSION = 1;
				DEFINES_MODULE = YES;
				DEVELOPMENT_TEAM = 34A2STWT5M;
				DYLIB_COMPATIBILITY_VERSION = 1;
				DYLIB_CURRENT_VERSION = 1;
				DYLIB_INSTALL_NAME_BASE = "@rpath";
				INFOPLIST_FILE = waifu2x/Info.plist;
				INSTALL_PATH = "$(LOCAL_LIBRARY_DIR)/Frameworks";
				IPHONEOS_DEPLOYMENT_TARGET = 11.0;
				LD_RUNPATH_SEARCH_PATHS = "$(inherited) @executable_path/Frameworks @loader_path/Frameworks";
				PRODUCT_BUNDLE_IDENTIFIER = xieyi.waifu2x;
				PRODUCT_NAME = "$(TARGET_NAME:c99extidentifier)";
				SKIP_INSTALL = YES;
				SWIFT_OPTIMIZATION_LEVEL = "-Onone";
				SWIFT_VERSION = 4.0;
				TARGETED_DEVICE_FAMILY = "1,2";
				VERSIONING_SYSTEM = "apple-generic";
				VERSION_INFO_PREFIX = "";
			};
			name = Debug;
		};
		8AC427011FBF35160097EE7C /* Release */ = {
			isa = XCBuildConfiguration;
			buildSettings = {
				CLANG_ENABLE_MODULES = YES;
				CODE_SIGN_IDENTITY = "";
				CODE_SIGN_STYLE = Automatic;
				CURRENT_PROJECT_VERSION = 1;
				DEFINES_MODULE = YES;
				DEVELOPMENT_TEAM = 34A2STWT5M;
				DYLIB_COMPATIBILITY_VERSION = 1;
				DYLIB_CURRENT_VERSION = 1;
				DYLIB_INSTALL_NAME_BASE = "@rpath";
				INFOPLIST_FILE = waifu2x/Info.plist;
				INSTALL_PATH = "$(LOCAL_LIBRARY_DIR)/Frameworks";
				IPHONEOS_DEPLOYMENT_TARGET = 11.0;
				LD_RUNPATH_SEARCH_PATHS = "$(inherited) @executable_path/Frameworks @loader_path/Frameworks";
				PRODUCT_BUNDLE_IDENTIFIER = xieyi.waifu2x;
				PRODUCT_NAME = "$(TARGET_NAME:c99extidentifier)";
				SKIP_INSTALL = YES;
				SWIFT_VERSION = 4.0;
				TARGETED_DEVICE_FAMILY = "1,2";
				VERSIONING_SYSTEM = "apple-generic";
				VERSION_INFO_PREFIX = "";
			};
			name = Release;
		};
		8AC427031FBF35160097EE7C /* Debug */ = {
			isa = XCBuildConfiguration;
			buildSettings = {
				ALWAYS_EMBED_SWIFT_STANDARD_LIBRARIES = YES;
				CODE_SIGN_STYLE = Automatic;
				DEVELOPMENT_TEAM = 34A2STWT5M;
				INFOPLIST_FILE = waifu2xTests/Info.plist;
				IPHONEOS_DEPLOYMENT_TARGET = 11.1;
				LD_RUNPATH_SEARCH_PATHS = "$(inherited) @executable_path/Frameworks @loader_path/Frameworks";
				PRODUCT_BUNDLE_IDENTIFIER = xieyi.waifu2xTests;
				PRODUCT_NAME = "$(TARGET_NAME)";
				SWIFT_VERSION = 4.0;
				TARGETED_DEVICE_FAMILY = "1,2";
			};
			name = Debug;
		};
		8AC427041FBF35160097EE7C /* Release */ = {
			isa = XCBuildConfiguration;
			buildSettings = {
				ALWAYS_EMBED_SWIFT_STANDARD_LIBRARIES = YES;
				CODE_SIGN_STYLE = Automatic;
				DEVELOPMENT_TEAM = 34A2STWT5M;
				INFOPLIST_FILE = waifu2xTests/Info.plist;
				IPHONEOS_DEPLOYMENT_TARGET = 11.1;
				LD_RUNPATH_SEARCH_PATHS = "$(inherited) @executable_path/Frameworks @loader_path/Frameworks";
				PRODUCT_BUNDLE_IDENTIFIER = xieyi.waifu2xTests;
				PRODUCT_NAME = "$(TARGET_NAME)";
				SWIFT_VERSION = 4.0;
				TARGETED_DEVICE_FAMILY = "1,2";
			};
			name = Release;
		};
/* End XCBuildConfiguration section */

/* Begin XCConfigurationList section */
		8AA0984B1F699011000CD809 /* Build configuration list for PBXProject "waifu2x-ios" */ = {
			isa = XCConfigurationList;
			buildConfigurations = (
				8AA098601F699011000CD809 /* Debug */,
				8AA098611F699011000CD809 /* Release */,
			);
			defaultConfigurationIsVisible = 0;
			defaultConfigurationName = Release;
		};
		8AA098621F699011000CD809 /* Build configuration list for PBXNativeTarget "waifu2x-ios" */ = {
			isa = XCConfigurationList;
			buildConfigurations = (
				8AA098631F699011000CD809 /* Debug */,
				8AA098641F699011000CD809 /* Release */,
			);
			defaultConfigurationIsVisible = 0;
			defaultConfigurationName = Release;
		};
		8AC426FF1FBF35160097EE7C /* Build configuration list for PBXNativeTarget "waifu2x" */ = {
			isa = XCConfigurationList;
			buildConfigurations = (
				8AC427001FBF35160097EE7C /* Debug */,
				8AC427011FBF35160097EE7C /* Release */,
			);
			defaultConfigurationIsVisible = 0;
			defaultConfigurationName = Release;
		};
		8AC427021FBF35160097EE7C /* Build configuration list for PBXNativeTarget "waifu2xTests" */ = {
			isa = XCConfigurationList;
			buildConfigurations = (
				8AC427031FBF35160097EE7C /* Debug */,
				8AC427041FBF35160097EE7C /* Release */,
			);
			defaultConfigurationIsVisible = 0;
			defaultConfigurationName = Release;
		};
/* End XCConfigurationList section */
	};
	rootObject = 8AA098481F699011000CD809 /* Project object */;
}
